
Microsoft Visual Studio Solution File, Format Version 12.00
# Visual Studio Version 17
VisualStudioVersion = 17.11.35303.130
MinimumVisualStudioVersion = 10.0.40219.1
Project("{2150E333-8FDC-42A3-9474-1A3956D46DE8}") = "src", "src", "{CC57DA98-9277-490C-A7DB-397F8E5DB440}"
EndProject
Project("{2150E333-8FDC-42A3-9474-1A3956D46DE8}") = "services", "services", "{3BC19207-187A-4CD5-9F70-6614199B59FB}"
EndProject
Project("{2150E333-8FDC-42A3-9474-1A3956D46DE8}") = "web", "web", "{25818B7F-CC1C-4EAD-BCAB-2F87F22923A6}"
EndProject
Project("{2150E333-8FDC-42A3-9474-1A3956D46DE8}") = "building blocks", "building blocks", "{47DDAC0C-4017-4F92-9185-B25C52E715D1}"
EndProject
Project("{2150E333-8FDC-42A3-9474-1A3956D46DE8}") = "Identidade", "Identidade", "{A9E0D450-2418-4F41-8F7A-064258D96DF7}"
EndProject
Project("{9A19103F-16F7-4668-BE54-9A1E7A4F7556}") = "NSE.Identidade.API", "src\services\NSE.Identidade.API\NSE.Identidade.API.csproj", "{3521C1BA-17E7-40CF-9664-BC49EE037474}"
EndProject
Project("{9A19103F-16F7-4668-BE54-9A1E7A4F7556}") = "NSE.WebApp.MVC", "src\web\NSE.WebApp.MVC\NSE.WebApp.MVC.csproj", "{61C14841-1E0A-4FC8-B678-34BAC5CCCCB6}"
EndProject
Project("{2150E333-8FDC-42A3-9474-1A3956D46DE8}") = "Core", "Core", "{2975E912-75A4-4BC3-9C53-EF3B7B7DC1D7}"
EndProject
Project("{9A19103F-16F7-4668-BE54-9A1E7A4F7556}") = "NSE.Core", "src\building blocks\NSE.Core\NSE.Core.csproj", "{E8AA7115-A040-422B-9AB1-809D60E431A4}"
EndProject
Project("{2150E333-8FDC-42A3-9474-1A3956D46DE8}") = "Carrinho", "Carrinho", "{D48D8991-F701-4EEC-BB82-CC484868269F}"
EndProject
Project("{9A19103F-16F7-4668-BE54-9A1E7A4F7556}") = "NSE.Carrinho.API", "src\services\NSE.Carrinho.API\NSE.Carrinho.API.csproj", "{7241C1DF-5980-4EE3-8447-7C4DF5824A24}"
EndProject
Project("{2150E333-8FDC-42A3-9474-1A3956D46DE8}") = "Catalogo", "Catalogo", "{E99D66E6-4A17-40B8-81B3-9C4AAE8F7375}"
EndProject
Project("{9A19103F-16F7-4668-BE54-9A1E7A4F7556}") = "NSE.Catalogo.API", "src\services\NSE.Catalogo.API\NSE.Catalogo.API.csproj", "{4A829A8D-E7A5-449B-A80D-42C3D7091D0E}"
EndProject
Project("{2150E333-8FDC-42A3-9474-1A3956D46DE8}") = "Cliente", "Cliente", "{82C1F65F-E9AE-4227-BD00-4AEABE7FC752}"
EndProject
Project("{9A19103F-16F7-4668-BE54-9A1E7A4F7556}") = "NSE.Cliente.API", "src\services\NSE.Cliente.API\NSE.Cliente.API.csproj", "{864C8153-3C88-4C18-A360-855C9FA0094A}"
EndProject
Project("{2150E333-8FDC-42A3-9474-1A3956D46DE8}") = "Pagamento", "Pagamento", "{B3413C24-FC34-4882-835C-7A15584E1187}"
EndProject
Project("{2150E333-8FDC-42A3-9474-1A3956D46DE8}") = "Pedido", "Pedido", "{8D1F14B1-A6A2-4A8A-AEF3-C477E70FEAAC}"
EndProject
Project("{9A19103F-16F7-4668-BE54-9A1E7A4F7556}") = "NSE.Pagamento.API", "src\services\NSE.Pagamento.API\NSE.Pagamento.API.csproj", "{4EA94BFF-7CAA-42BA-BE40-64934D5D50AD}"
EndProject
Project("{9A19103F-16F7-4668-BE54-9A1E7A4F7556}") = "NSE.Pedido.API", "src\services\NSE.Pedido.API\NSE.Pedido.API.csproj", "{0B2E2841-C32F-40C2-9E8E-150CEE9061D3}"
EndProject
Global
	GlobalSection(SolutionConfigurationPlatforms) = preSolution
		Debug|Any CPU = Debug|Any CPU
		Release|Any CPU = Release|Any CPU
	EndGlobalSection
	GlobalSection(ProjectConfigurationPlatforms) = postSolution
		{3521C1BA-17E7-40CF-9664-BC49EE037474}.Debug|Any CPU.ActiveCfg = Debug|Any CPU
		{3521C1BA-17E7-40CF-9664-BC49EE037474}.Debug|Any CPU.Build.0 = Debug|Any CPU
		{3521C1BA-17E7-40CF-9664-BC49EE037474}.Release|Any CPU.ActiveCfg = Release|Any CPU
		{3521C1BA-17E7-40CF-9664-BC49EE037474}.Release|Any CPU.Build.0 = Release|Any CPU
		{61C14841-1E0A-4FC8-B678-34BAC5CCCCB6}.Debug|Any CPU.ActiveCfg = Debug|Any CPU
		{61C14841-1E0A-4FC8-B678-34BAC5CCCCB6}.Debug|Any CPU.Build.0 = Debug|Any CPU
		{61C14841-1E0A-4FC8-B678-34BAC5CCCCB6}.Release|Any CPU.ActiveCfg = Release|Any CPU
		{61C14841-1E0A-4FC8-B678-34BAC5CCCCB6}.Release|Any CPU.Build.0 = Release|Any CPU
		{E8AA7115-A040-422B-9AB1-809D60E431A4}.Debug|Any CPU.ActiveCfg = Debug|Any CPU
		{E8AA7115-A040-422B-9AB1-809D60E431A4}.Debug|Any CPU.Build.0 = Debug|Any CPU
		{E8AA7115-A040-422B-9AB1-809D60E431A4}.Release|Any CPU.ActiveCfg = Release|Any CPU
		{E8AA7115-A040-422B-9AB1-809D60E431A4}.Release|Any CPU.Build.0 = Release|Any CPU
		{7241C1DF-5980-4EE3-8447-7C4DF5824A24}.Debug|Any CPU.ActiveCfg = Debug|Any CPU
		{7241C1DF-5980-4EE3-8447-7C4DF5824A24}.Debug|Any CPU.Build.0 = Debug|Any CPU
		{7241C1DF-5980-4EE3-8447-7C4DF5824A24}.Release|Any CPU.ActiveCfg = Release|Any CPU
		{7241C1DF-5980-4EE3-8447-7C4DF5824A24}.Release|Any CPU.Build.0 = Release|Any CPU
		{4A829A8D-E7A5-449B-A80D-42C3D7091D0E}.Debug|Any CPU.ActiveCfg = Debug|Any CPU
		{4A829A8D-E7A5-449B-A80D-42C3D7091D0E}.Debug|Any CPU.Build.0 = Debug|Any CPU
		{4A829A8D-E7A5-449B-A80D-42C3D7091D0E}.Release|Any CPU.ActiveCfg = Release|Any CPU
		{4A829A8D-E7A5-449B-A80D-42C3D7091D0E}.Release|Any CPU.Build.0 = Release|Any CPU
		{864C8153-3C88-4C18-A360-855C9FA0094A}.Debug|Any CPU.ActiveCfg = Debug|Any CPU
		{864C8153-3C88-4C18-A360-855C9FA0094A}.Debug|Any CPU.Build.0 = Debug|Any CPU
		{864C8153-3C88-4C18-A360-855C9FA0094A}.Release|Any CPU.ActiveCfg = Release|Any CPU
		{864C8153-3C88-4C18-A360-855C9FA0094A}.Release|Any CPU.Build.0 = Release|Any CPU
		{4EA94BFF-7CAA-42BA-BE40-64934D5D50AD}.Debug|Any CPU.ActiveCfg = Debug|Any CPU
		{4EA94BFF-7CAA-42BA-BE40-64934D5D50AD}.Debug|Any CPU.Build.0 = Debug|Any CPU
		{4EA94BFF-7CAA-42BA-BE40-64934D5D50AD}.Release|Any CPU.ActiveCfg = Release|Any CPU
		{4EA94BFF-7CAA-42BA-BE40-64934D5D50AD}.Release|Any CPU.Build.0 = Release|Any CPU
		{0B2E2841-C32F-40C2-9E8E-150CEE9061D3}.Debug|Any CPU.ActiveCfg = Debug|Any CPU
		{0B2E2841-C32F-40C2-9E8E-150CEE9061D3}.Debug|Any CPU.Build.0 = Debug|Any CPU
		{0B2E2841-C32F-40C2-9E8E-150CEE9061D3}.Release|Any CPU.ActiveCfg = Release|Any CPU
		{0B2E2841-C32F-40C2-9E8E-150CEE9061D3}.Release|Any CPU.Build.0 = Release|Any CPU
	EndGlobalSection
	GlobalSection(SolutionProperties) = preSolution
		HideSolutionNode = FALSE
	EndGlobalSection
	GlobalSection(NestedProjects) = preSolution
		{3BC19207-187A-4CD5-9F70-6614199B59FB} = {CC57DA98-9277-490C-A7DB-397F8E5DB440}
		{25818B7F-CC1C-4EAD-BCAB-2F87F22923A6} = {CC57DA98-9277-490C-A7DB-397F8E5DB440}
		{47DDAC0C-4017-4F92-9185-B25C52E715D1} = {CC57DA98-9277-490C-A7DB-397F8E5DB440}
		{A9E0D450-2418-4F41-8F7A-064258D96DF7} = {3BC19207-187A-4CD5-9F70-6614199B59FB}
		{3521C1BA-17E7-40CF-9664-BC49EE037474} = {A9E0D450-2418-4F41-8F7A-064258D96DF7}
		{61C14841-1E0A-4FC8-B678-34BAC5CCCCB6} = {25818B7F-CC1C-4EAD-BCAB-2F87F22923A6}
		{2975E912-75A4-4BC3-9C53-EF3B7B7DC1D7} = {47DDAC0C-4017-4F92-9185-B25C52E715D1}
		{E8AA7115-A040-422B-9AB1-809D60E431A4} = {2975E912-75A4-4BC3-9C53-EF3B7B7DC1D7}
		{D48D8991-F701-4EEC-BB82-CC484868269F} = {3BC19207-187A-4CD5-9F70-6614199B59FB}
		{7241C1DF-5980-4EE3-8447-7C4DF5824A24} = {D48D8991-F701-4EEC-BB82-CC484868269F}
		{E99D66E6-4A17-40B8-81B3-9C4AAE8F7375} = {3BC19207-187A-4CD5-9F70-6614199B59FB}
		{4A829A8D-E7A5-449B-A80D-42C3D7091D0E} = {E99D66E6-4A17-40B8-81B3-9C4AAE8F7375}
		{82C1F65F-E9AE-4227-BD00-4AEABE7FC752} = {3BC19207-187A-4CD5-9F70-6614199B59FB}
		{864C8153-3C88-4C18-A360-855C9FA0094A} = {82C1F65F-E9AE-4227-BD00-4AEABE7FC752}
		{B3413C24-FC34-4882-835C-7A15584E1187} = {3BC19207-187A-4CD5-9F70-6614199B59FB}
		{8D1F14B1-A6A2-4A8A-AEF3-C477E70FEAAC} = {3BC19207-187A-4CD5-9F70-6614199B59FB}
		{4EA94BFF-7CAA-42BA-BE40-64934D5D50AD} = {B3413C24-FC34-4882-835C-7A15584E1187}
		{0B2E2841-C32F-40C2-9E8E-150CEE9061D3} = {8D1F14B1-A6A2-4A8A-AEF3-C477E70FEAAC}
	EndGlobalSection
	GlobalSection(ExtensibilityGlobals) = postSolution
		SolutionGuid = {7467E7C1-8B97-4643-AF2B-3F99EF245755}
	EndGlobalSection
EndGlobal
